
Microsoft Visual Studio Solution File, Format Version 12.00
# Visual Studio 15
VisualStudioVersion = 15.0.27004.2009
MinimumVisualStudioVersion = 10.0.40219.1
Project("{FAE04EC0-301F-11D3-BF4B-00C04F79EFBC}") = "GoogleCloudVisionTestApp", "GoogleCloudVisionTestApp\GoogleCloudVisionTestApp.csproj", "{36B80DA3-BEEF-4906-ACFD-F3B20C706618}"
EndProject
Project("{FAE04EC0-301F-11D3-BF4B-00C04F79EFBC}") = "TechnicalCertificateImgHandler", "TechnicalCertificateImgHandler\TechnicalCertificateImgHandler.csproj", "{046F49EA-3A79-4172-AA1D-876010D71157}"
EndProject
Project("{FAE04EC0-301F-11D3-BF4B-00C04F79EFBC}") = "TechnicalCertificateImageHandler", "TechnicalCertificateImageHandler\TechnicalCertificateImageHandler.csproj", "{133515A6-A511-4B23-8853-4ED7DD75EC2D}"
EndProject
Global
	GlobalSection(SolutionConfigurationPlatforms) = preSolution
		Debug|Any CPU = Debug|Any CPU
		Release|Any CPU = Release|Any CPU
	EndGlobalSection
	GlobalSection(ProjectConfigurationPlatforms) = postSolution
		{36B80DA3-BEEF-4906-ACFD-F3B20C706618}.Debug|Any CPU.ActiveCfg = Debug|Any CPU
		{36B80DA3-BEEF-4906-ACFD-F3B20C706618}.Debug|Any CPU.Build.0 = Debug|Any CPU
		{36B80DA3-BEEF-4906-ACFD-F3B20C706618}.Release|Any CPU.ActiveCfg = Release|Any CPU
		{36B80DA3-BEEF-4906-ACFD-F3B20C706618}.Release|Any CPU.Build.0 = Release|Any CPU
		{046F49EA-3A79-4172-AA1D-876010D71157}.Debug|Any CPU.ActiveCfg = Debug|Any CPU
		{046F49EA-3A79-4172-AA1D-876010D71157}.Debug|Any CPU.Build.0 = Debug|Any CPU
		{046F49EA-3A79-4172-AA1D-876010D71157}.Release|Any CPU.ActiveCfg = Release|Any CPU
		{046F49EA-3A79-4172-AA1D-876010D71157}.Release|Any CPU.Build.0 = Release|Any CPU
		{133515A6-A511-4B23-8853-4ED7DD75EC2D}.Debug|Any CPU.ActiveCfg = Debug|Any CPU
		{133515A6-A511-4B23-8853-4ED7DD75EC2D}.Debug|Any CPU.Build.0 = Debug|Any CPU
		{133515A6-A511-4B23-8853-4ED7DD75EC2D}.Release|Any CPU.ActiveCfg = Release|Any CPU
		{133515A6-A511-4B23-8853-4ED7DD75EC2D}.Release|Any CPU.Build.0 = Release|Any CPU
	EndGlobalSection
	GlobalSection(SolutionProperties) = preSolution
		HideSolutionNode = FALSE
	EndGlobalSection
	GlobalSection(ExtensibilityGlobals) = postSolution
		SolutionGuid = {E4AA51A2-28C7-4456-932E-81EBDF748146}
	EndGlobalSection
EndGlobal
